// !$*UTF8*$!
{
	archiveVersion = 1;
	classes = {
	};
	objectVersion = 46;
	objects = {

/* Begin PBXBuildFile section */
		A925D9C521AB9DBA0076C797 /* AppDelegate.swift in Sources */ = {isa = PBXBuildFile; fileRef = A925D9C421AB9DBA0076C797 /* AppDelegate.swift */; };
		A925D9C721AB9DBA0076C797 /* firstViewController.swift in Sources */ = {isa = PBXBuildFile; fileRef = A925D9C621AB9DBA0076C797 /* firstViewController.swift */; };
		A925D9CA21AB9DBA0076C797 /* Main.storyboard in Resources */ = {isa = PBXBuildFile; fileRef = A925D9C821AB9DBA0076C797 /* Main.storyboard */; };
		A925D9CC21AB9DBA0076C797 /* Assets.xcassets in Resources */ = {isa = PBXBuildFile; fileRef = A925D9CB21AB9DBA0076C797 /* Assets.xcassets */; };
		A925D9CF21AB9DBA0076C797 /* LaunchScreen.storyboard in Resources */ = {isa = PBXBuildFile; fileRef = A925D9CD21AB9DBA0076C797 /* LaunchScreen.storyboard */; };
		A941F05721AE31CB0089F968 /* IMG_1823.png in Resources */ = {isa = PBXBuildFile; fileRef = A941F05621AE31CB0089F968 /* IMG_1823.png */; };
		A9499F3C21AC8C7300161BB1 /* tutorListViewController.swift in Sources */ = {isa = PBXBuildFile; fileRef = A9499F3B21AC8C7300161BB1 /* tutorListViewController.swift */; };
/* End PBXBuildFile section */

/* Begin PBXFileReference section */
		A925D9C121AB9DBA0076C797 /* STARSapp.app */ = {isa = PBXFileReference; explicitFileType = wrapper.application; includeInIndex = 0; path = STARSapp.app; sourceTree = BUILT_PRODUCTS_DIR; };
		A925D9C421AB9DBA0076C797 /* AppDelegate.swift */ = {isa = PBXFileReference; lastKnownFileType = sourcecode.swift; path = AppDelegate.swift; sourceTree = "<group>"; };
		A925D9C621AB9DBA0076C797 /* firstViewController.swift */ = {isa = PBXFileReference; lastKnownFileType = sourcecode.swift; path = firstViewController.swift; sourceTree = "<group>"; };
		A925D9C921AB9DBA0076C797 /* Base */ = {isa = PBXFileReference; lastKnownFileType = file.storyboard; name = Base; path = Base.lproj/Main.storyboard; sourceTree = "<group>"; };
		A925D9CB21AB9DBA0076C797 /* Assets.xcassets */ = {isa = PBXFileReference; lastKnownFileType = folder.assetcatalog; path = Assets.xcassets; sourceTree = "<group>"; };
		A925D9CE21AB9DBA0076C797 /* Base */ = {isa = PBXFileReference; lastKnownFileType = file.storyboard; name = Base; path = Base.lproj/LaunchScreen.storyboard; sourceTree = "<group>"; };
		A925D9D021AB9DBA0076C797 /* Info.plist */ = {isa = PBXFileReference; lastKnownFileType = text.plist.xml; path = Info.plist; sourceTree = "<group>"; };
		A941F05621AE31CB0089F968 /* IMG_1823.png */ = {isa = PBXFileReference; lastKnownFileType = image.png; name = IMG_1823.png; path = ../../../../IMG_1823.png; sourceTree = "<group>"; };
		A9499F3B21AC8C7300161BB1 /* tutorListViewController.swift */ = {isa = PBXFileReference; fileEncoding = 4; lastKnownFileType = sourcecode.swift; path = tutorListViewController.swift; sourceTree = "<group>"; };
/* End PBXFileReference section */

/* Begin PBXFrameworksBuildPhase section */
		A925D9BE21AB9DBA0076C797 /* Frameworks */ = {
			isa = PBXFrameworksBuildPhase;
			buildActionMask = 2147483647;
			files = (
			);
			runOnlyForDeploymentPostprocessing = 0;
		};
/* End PBXFrameworksBuildPhase section */

/* Begin PBXGroup section */
		A925D9B821AB9DBA0076C797 = {
			isa = PBXGroup;
			children = (
				A925D9C321AB9DBA0076C797 /* STARSapp */,
				A925D9C221AB9DBA0076C797 /* Products */,
			);
			sourceTree = "<group>";
		};
		A925D9C221AB9DBA0076C797 /* Products */ = {
			isa = PBXGroup;
			children = (
				A925D9C121AB9DBA0076C797 /* STARSapp.app */,
			);
			name = Products;
			sourceTree = "<group>";
		};
		A925D9C321AB9DBA0076C797 /* STARSapp */ = {
			isa = PBXGroup;
			children = (
				A941F05621AE31CB0089F968 /* IMG_1823.png */,
				A925D9C421AB9DBA0076C797 /* AppDelegate.swift */,
				A9499F3B21AC8C7300161BB1 /* tutorListViewController.swift */,
				A925D9C621AB9DBA0076C797 /* firstViewController.swift */,
				A925D9C821AB9DBA0076C797 /* Main.storyboard */,
				A925D9CB21AB9DBA0076C797 /* Assets.xcassets */,
				A925D9CD21AB9DBA0076C797 /* LaunchScreen.storyboard */,
				A925D9D021AB9DBA0076C797 /* Info.plist */,
			);
			path = STARSapp;
			sourceTree = "<group>";
		};
/* End PBXGroup section */

/* Begin PBXNativeTarget section */
		A925D9C021AB9DBA0076C797 /* STARSapp */ = {
			isa = PBXNativeTarget;
			buildConfigurationList = A925D9D321AB9DBA0076C797 /* Build configuration list for PBXNativeTarget "STARSapp" */;
			buildPhases = (
				A925D9BD21AB9DBA0076C797 /* Sources */,
				A925D9BE21AB9DBA0076C797 /* Frameworks */,
				A925D9BF21AB9DBA0076C797 /* Resources */,
			);
			buildRules = (
			);
			dependencies = (
			);
			name = STARSapp;
			productName = STARSapp;
			productReference = A925D9C121AB9DBA0076C797 /* STARSapp.app */;
			productType = "com.apple.product-type.application";
		};
/* End PBXNativeTarget section */

/* Begin PBXProject section */
		A925D9B921AB9DBA0076C797 /* Project object */ = {
			isa = PBXProject;
			attributes = {
				LastSwiftUpdateCheck = 0830;
				LastUpgradeCheck = 0830;
				ORGANIZATIONNAME = FIU;
				TargetAttributes = {
					A925D9C021AB9DBA0076C797 = {
						CreatedOnToolsVersion = 8.3.3;
						DevelopmentTeam = 93WYGZ7V5C;
						ProvisioningStyle = Automatic;
					};
				};
			};
			buildConfigurationList = A925D9BC21AB9DBA0076C797 /* Build configuration list for PBXProject "STARSapp" */;
			compatibilityVersion = "Xcode 3.2";
			developmentRegion = English;
			hasScannedForEncodings = 0;
			knownRegions = (
				en,
				Base,
			);
			mainGroup = A925D9B821AB9DBA0076C797;
			productRefGroup = A925D9C221AB9DBA0076C797 /* Products */;
			projectDirPath = "";
			projectRoot = "";
			targets = (
				A925D9C021AB9DBA0076C797 /* STARSapp */,
			);
		};
/* End PBXProject section */

/* Begin PBXResourcesBuildPhase section */
		A925D9BF21AB9DBA0076C797 /* Resources */ = {
			isa = PBXResourcesBuildPhase;
			buildActionMask = 2147483647;
			files = (
				A925D9CF21AB9DBA0076C797 /* LaunchScreen.storyboard in Resources */,
				A941F05721AE31CB0089F968 /* IMG_1823.png in Resources */,
				A925D9CC21AB9DBA0076C797 /* Assets.xcassets in Resources */,
				A925D9CA21AB9DBA0076C797 /* Main.storyboard in Resources */,
			);
			runOnlyForDeploymentPostprocessing = 0;
		};
/* End PBXResourcesBuildPhase section */

/* Begin PBXSourcesBuildPhase section */
		A925D9BD21AB9DBA0076C797 /* Sources */ = {
			isa = PBXSourcesBuildPhase;
			buildActionMask = 2147483647;
			files = (
				A925D9C721AB9DBA0076C797 /* firstViewController.swift in Sources */,
				A9499F3C21AC8C7300161BB1 /* tutorListViewController.swift in Sources */,
				A925D9C521AB9DBA0076C797 /* AppDelegate.swift in Sources */,
			);
			runOnlyForDeploymentPostprocessing = 0;
		};
/* End PBXSourcesBuildPhase section */

/* Begin PBXVariantGroup section */
		A925D9C821AB9DBA0076C797 /* Main.storyboard */ = {
			isa = PBXVariantGroup;
			children = (
				A925D9C921AB9DBA0076C797 /* Base */,
			);
			name = Main.storyboard;
			sourceTree = "<group>";
		};
		A925D9CD21AB9DBA0076C797 /* LaunchScreen.storyboard */ = {
			isa = PBXVariantGroup;
			children = (
				A925D9CE21AB9DBA0076C797 /* Base */,
			);
			name = LaunchScreen.storyboard;
			sourceTree = "<group>";
		};
/* End PBXVariantGroup section */

/* Begin XCBuildConfiguration section */
		A925D9D121AB9DBA0076C797 /* Debug */ = {
			isa = XCBuildConfiguration;
			buildSettings = {
				ALWAYS_SEARCH_USER_PATHS = NO;
				CLANG_ANALYZER_NONNULL = YES;
				CLANG_ANALYZER_NUMBER_OBJECT_CONVERSION = YES_AGGRESSIVE;
				CLANG_CXX_LANGUAGE_STANDARD = "gnu++0x";
				CLANG_CXX_LIBRARY = "libc++";
				CLANG_ENABLE_MODULES = YES;
				CLANG_ENABLE_OBJC_ARC = YES;
				CLANG_WARN_BOOL_CONVERSION = YES;
				CLANG_WARN_CONSTANT_CONVERSION = YES;
				CLANG_WARN_DIRECT_OBJC_ISA_USAGE = YES_ERROR;
				CLANG_WARN_DOCUMENTATION_COMMENTS = YES;
				CLANG_WARN_EMPTY_BODY = YES;
				CLANG_WARN_ENUM_CONVERSION = YES;
				CLANG_WARN_INFINITE_RECURSION = YES;
				CLANG_WARN_INT_CONVERSION = YES;
				CLANG_WARN_OBJC_ROOT_CLASS = YES_ERROR;
				CLANG_WARN_SUSPICIOUS_MOVE = YES;
				CLANG_WARN_UNREACHABLE_CODE = YES;
				CLANG_WARN__DUPLICATE_METHOD_MATCH = YES;
				"CODE_SIGN_IDENTITY[sdk=iphoneos*]" = "iPhone Developer";
				COPY_PHASE_STRIP = NO;
				DEBUG_INFORMATION_FORMAT = dwarf;
				ENABLE_STRICT_OBJC_MSGSEND = YES;
				ENABLE_TESTABILITY = YES;
				GCC_C_LANGUAGE_STANDARD = gnu99;
				GCC_DYNAMIC_NO_PIC = NO;
				GCC_NO_COMMON_BLOCKS = YES;
				GCC_OPTIMIZATION_LEVEL = 0;
				GCC_PREPROCESSOR_DEFINITIONS = (
					"DEBUG=1",
					"$(inherited)",
				);
				GCC_WARN_64_TO_32_BIT_CONVERSION = YES;
				GCC_WARN_ABOUT_RETURN_TYPE = YES_ERROR;
				GCC_WARN_UNDECLARED_SELECTOR = YES;
				GCC_WARN_UNINITIALIZED_AUTOS = YES_AGGRESSIVE;
				GCC_WARN_UNUSED_FUNCTION = YES;
				GCC_WARN_UNUSED_VARIABLE = YES;
				IPHONEOS_DEPLOYMENT_TARGET = 10.3;
				MTL_ENABLE_DEBUG_INFO = YES;
				ONLY_ACTIVE_ARCH = YES;
				SDKROOT = iphoneos;
				SWIFT_ACTIVE_COMPILATION_CONDITIONS = DEBUG;
				SWIFT_OPTIMIZATION_LEVEL = "-Onone";
				TARGETED_DEVICE_FAMILY = "1,2";
			};
			name = Debug;
		};
		A925D9D221AB9DBA0076C797 /* Release */ = {
			isa = XCBuildConfiguration;
			buildSettings = {
				ALWAYS_SEARCH_USER_PATHS = NO;
				CLANG_ANALYZER_NONNULL = YES;
				CLANG_ANALYZER_NUMBER_OBJECT_CONVERSION = YES_AGGRESSIVE;
				CLANG_CXX_LANGUAGE_STANDARD = "gnu++0x";
				CLANG_CXX_LIBRARY = "libc++";
				CLANG_ENABLE_MODULES = YES;
				CLANG_ENABLE_OBJC_ARC = YES;
				CLANG_WARN_BOOL_CONVERSION = YES;
				CLANG_WARN_CONSTANT_CONVERSION = YES;
				CLANG_WARN_DIRECT_OBJC_ISA_USAGE = YES_ERROR;
				CLANG_WARN_DOCUMENTATION_COMMENTS = YES;
				CLANG_WARN_EMPTY_BODY = YES;
				CLANG_WARN_ENUM_CONVERSION = YES;
				CLANG_WARN_INFINITE_RECURSION = YES;
				CLANG_WARN_INT_CONVERSION = YES;
				CLANG_WARN_OBJC_ROOT_CLASS = YES_ERROR;
				CLANG_WARN_SUSPICIOUS_MOVE = YES;
				CLANG_WARN_UNREACHABLE_CODE = YES;
				CLANG_WARN__DUPLICATE_METHOD_MATCH = YES;
				"CODE_SIGN_IDENTITY[sdk=iphoneos*]" = "iPhone Developer";
				COPY_PHASE_STRIP = NO;
				DEBUG_INFORMATION_FORMAT = "dwarf-with-dsym";
				ENABLE_NS_ASSERTIONS = NO;
				ENABLE_STRICT_OBJC_MSGSEND = YES;
				GCC_C_LANGUAGE_STANDARD = gnu99;
				GCC_NO_COMMON_BLOCKS = YES;
				GCC_WARN_64_TO_32_BIT_CONVERSION = YES;
				GCC_WARN_ABOUT_RETURN_TYPE = YES_ERROR;
				GCC_WARN_UNDECLARED_SELECTOR = YES;
				GCC_WARN_UNINITIALIZED_AUTOS = YES_AGGRESSIVE;
				GCC_WARN_UNUSED_FUNCTION = YES;
				GCC_WARN_UNUSED_VARIABLE = YES;
				IPHONEOS_DEPLOYMENT_TARGET = 10.3;
				MTL_ENABLE_DEBUG_INFO = NO;
				SDKROOT = iphoneos;
				SWIFT_OPTIMIZATION_LEVEL = "-Owholemodule";
				TARGETED_DEVICE_FAMILY = "1,2";
				VALIDATE_PRODUCT = YES;
			};
			name = Release;
		};
		A925D9D421AB9DBA0076C797 /* Debug */ = {
			isa = XCBuildConfiguration;
			buildSettings = {
				ASSETCATALOG_COMPILER_APPICON_NAME = AppIcon;
				DEVELOPMENT_TEAM = 93WYGZ7V5C;
				INFOPLIST_FILE = STARSapp/Info.plist;
				LD_RUNPATH_SEARCH_PATHS = "$(inherited) @executable_path/Frameworks";
				PRODUCT_BUNDLE_IDENTIFIER = cis.fiu.edu.STARSapp;
				PRODUCT_NAME = "$(TARGET_NAME)";
				SWIFT_VERSION = 3.0;
			};
			name = Debug;
		};
		A925D9D521AB9DBA0076C797 /* Release */ = {
			isa = XCBuildConfiguration;
			buildSettings = {
				ASSETCATALOG_COMPILER_APPICON_NAME = AppIcon;
				DEVELOPMENT_TEAM = 93WYGZ7V5C;
				INFOPLIST_FILE = STARSapp/Info.plist;
				LD_RUNPATH_SEARCH_PATHS = "$(inherited) @executable_path/Frameworks";
				PRODUCT_BUNDLE_IDENTIFIER = cis.fiu.edu.STARSapp;
				PRODUCT_NAME = "$(TARGET_NAME)";
				SWIFT_VERSION = 3.0;
			};
			name = Release;
		};
/* End XCBuildConfiguration section */

/* Begin XCConfigurationList section */
		A925D9BC21AB9DBA0076C797 /* Build configuration list for PBXProject "STARSapp" */ = {
			isa = XCConfigurationList;
			buildConfigurations = (
				A925D9D121AB9DBA0076C797 /* Debug */,
				A925D9D221AB9DBA0076C797 /* Release */,
			);
			defaultConfigurationIsVisible = 0;
			defaultConfigurationName = Release;
		};
		A925D9D321AB9DBA0076C797 /* Build configuration list for PBXNativeTarget "STARSapp" */ = {
			isa = XCConfigurationList;
			buildConfigurations = (
				A925D9D421AB9DBA0076C797 /* Debug */,
				A925D9D521AB9DBA0076C797 /* Release */,
			);
			defaultConfigurationIsVisible = 0;
			defaultConfigurationName = Release;
		};
/* End XCConfigurationList section */
	};
	rootObject = A925D9B921AB9DBA0076C797 /* Project object */;
}
